
Microsoft Visual Studio Solution File, Format Version 12.00
# Visual Studio Version 17
VisualStudioVersion = 17.5.002.0
MinimumVisualStudioVersion = 10.0.40219.1
Project("{9A19103F-16F7-4668-BE54-9A1E7A4F7556}") = "01-maxima-subsuma", "01-maxima-subsuma.csproj", "{945E5F51-BB33-4400-B982-41C0942AA502}"
EndProject
Global
	GlobalSection(SolutionConfigurationPlatforms) = preSolution
		Debug|Any CPU = Debug|Any CPU
		Release|Any CPU = Release|Any CPU
	EndGlobalSection
	GlobalSection(ProjectConfigurationPlatforms) = postSolution
		{945E5F51-BB33-4400-B982-41C0942AA502}.Debug|Any CPU.ActiveCfg = Debug|Any CPU
		{945E5F51-BB33-4400-B982-41C0942AA502}.Debug|Any CPU.Build.0 = Debug|Any CPU
		{945E5F51-BB33-4400-B982-41C0942AA502}.Release|Any CPU.ActiveCfg = Release|Any CPU
		{945E5F51-BB33-4400-B982-41C0942AA502}.Release|Any CPU.Build.0 = Release|Any CPU
	EndGlobalSection
	GlobalSection(SolutionProperties) = preSolution
		HideSolutionNode = FALSE
	EndGlobalSection
	GlobalSection(ExtensibilityGlobals) = postSolution
		SolutionGuid = {31271DD0-A766-4DBA-98A8-BAF43E060D90}
	EndGlobalSection
EndGlobal
